
Microsoft Visual Studio Solution File, Format Version 12.00
# Visual Studio Version 16
VisualStudioVersion = 16.0.35325.158
MinimumVisualStudioVersion = 10.0.40219.1
Project("{FAE04EC0-301F-11D3-BF4B-00C04F79EFBC}") = "Warehouse", "Warehouse\Warehouse.csproj", "{FD5C93A0-0B81-4E96-AA45-5C5458165A27}"
EndProject
Global
	GlobalSection(SolutionConfigurationPlatforms) = preSolution
		Debug|Any CPU = Debug|Any CPU
		Release|Any CPU = Release|Any CPU
	EndGlobalSection
	GlobalSection(ProjectConfigurationPlatforms) = postSolution
		{FD5C93A0-0B81-4E96-AA45-5C5458165A27}.Debug|Any CPU.ActiveCfg = Debug|Any CPU
		{FD5C93A0-0B81-4E96-AA45-5C5458165A27}.Debug|Any CPU.Build.0 = Debug|Any CPU
		{FD5C93A0-0B81-4E96-AA45-5C5458165A27}.Release|Any CPU.ActiveCfg = Release|Any CPU
		{FD5C93A0-0B81-4E96-AA45-5C5458165A27}.Release|Any CPU.Build.0 = Release|Any CPU
	EndGlobalSection
	GlobalSection(SolutionProperties) = preSolution
		HideSolutionNode = FALSE
	EndGlobalSection
	GlobalSection(ExtensibilityGlobals) = postSolution
		SolutionGuid = {6B4C62FE-81C0-4710-9F04-993B0DBA04BD}
	EndGlobalSection
EndGlobal
